
Microsoft Visual Studio Solution File, Format Version 12.00
# Visual Studio Version 16
VisualStudioVersion = 16.0.30225.117
MinimumVisualStudioVersion = 10.0.40219.1
Project("{FAE04EC0-301F-11D3-BF4B-00C04F79EFBC}") = "SBN2SPC", "SBN2SPC.csproj", "{F32B069F-6BD7-46FB-9A2E-049A7120C294}"
EndProject
Global
	GlobalSection(SolutionConfigurationPlatforms) = preSolution
		Debug|Any CPU = Debug|Any CPU
		Release|Any CPU = Release|Any CPU
	EndGlobalSection
	GlobalSection(ProjectConfigurationPlatforms) = postSolution
		{F32B069F-6BD7-46FB-9A2E-049A7120C294}.Debug|Any CPU.ActiveCfg = Debug|Any CPU
		{F32B069F-6BD7-46FB-9A2E-049A7120C294}.Debug|Any CPU.Build.0 = Debug|Any CPU
		{F32B069F-6BD7-46FB-9A2E-049A7120C294}.Release|Any CPU.ActiveCfg = Release|Any CPU
		{F32B069F-6BD7-46FB-9A2E-049A7120C294}.Release|Any CPU.Build.0 = Release|Any CPU
	EndGlobalSection
	GlobalSection(SolutionProperties) = preSolution
		HideSolutionNode = FALSE
	EndGlobalSection
	GlobalSection(ExtensibilityGlobals) = postSolution
		SolutionGuid = {C5A89174-E3C8-4A82-BD32-CCDAAEE5FEC5}
	EndGlobalSection
EndGlobal
